<?xml version="1.0" encoding="utf-8"?>
<Project ToolsVersion="4.0" xmlns="http://schemas.microsoft.com/developer/msbuild/2003">
  <ItemGroup>
    <ClCompile Include="header Files\imgui\imgui.cpp">
      <Filter>imgui</Filter>
    </ClCompile>
    <ClCompile Include="header Files\imgui\imgui_demo.cpp">
      <Filter>imgui</Filter>
    </ClCompile>
    <ClCompile Include="header Files\imgui\imgui_draw.cpp">
      <Filter>imgui</Filter>
    </ClCompile>
    <ClCompile Include="header Files\imgui\imgui_impl_dx9.cpp">
      <Filter>imgui</Filter>
    </ClCompile>
    <ClCompile Include="header Files\imgui\imgui_impl_win32.cpp">
      <Filter>imgui</Filter>
    </ClCompile>
    <ClCompile Include="header Files\imgui\imgui_widgets.cpp">
      <Filter>imgui</Filter>
    </ClCompile>
    <ClCompile Include="main.cpp" />
    <ClCompile Include="header Files\imgui\imgui_tables.cpp" />
    <ClCompile Include="menu\menu.cpp" />
    <ClCompile Include="functions\input\mouse.cpp" />
    <ClCompile Include="functions\input\keyboard.cpp" />
    <ClCompile Include="functions\memory.cpp" />
    <ClCompile Include="modules\teleport.cpp" />
    <ClCompile Include="functions\utils.cpp" />
    <ClCompile Include="functions\configManger.cpp" />
    <ClCompile Include="functions\other\colored_cout.cpp" />
    <ClCompile Include="modules\esp.cpp" />
    <ClCompile Include="functions\render\draw.cpp" />
    <ClCompile Include="functions\render\calculations.cpp" />
    <ClCompile Include="overlay\hijack\hijack.cpp" />
    <ClCompile Include="overlay\renderer\colors.cpp" />
    <ClCompile Include="overlay\renderer\fonts.cpp" />
    <ClCompile Include="overlay\renderer\internal.cpp" />
    <ClCompile Include="overlay\renderer\renderer.cpp" />
    <ClCompile Include="overlay\renderer\scene.cpp" />
  </ItemGroup>
  <ItemGroup>
    <ClInclude Include="header Files\imgui\imconfig.h">
      <Filter>imgui</Filter>
    </ClInclude>
    <ClInclude Include="header Files\imgui\imgui.h">
      <Filter>imgui</Filter>
    </ClInclude>
    <ClInclude Include="header Files\imgui\imgui_impl_dx9.h">
      <Filter>imgui</Filter>
    </ClInclude>
    <ClInclude Include="header Files\imgui\imgui_impl_win32.h">
      <Filter>imgui</Filter>
    </ClInclude>
    <ClInclude Include="header Files\imgui\imgui_internal.h">
      <Filter>imgui</Filter>
    </ClInclude>
    <ClInclude Include="header Files\imgui\imstb_rectpack.h">
      <Filter>imgui</Filter>
    </ClInclude>
    <ClInclude Include="header Files\imgui\imstb_textedit.h">
      <Filter>imgui</Filter>
    </ClInclude>
    <ClInclude Include="header Files\imgui\imstb_truetype.h">
      <Filter>imgui</Filter>
    </ClInclude>
    <ClInclude Include="header Files\main.h" />
    <ClInclude Include="header Files\menu.hh" />
    <ClInclude Include="header Files\globals.hh" />
    <ClInclude Include="header Files\functions\keys.h" />
    <ClInclude Include="header Files\font\icons.h" />
    <ClInclude Include="header Files\font\custom.h" />
    <ClInclude Include="header Files\modules\teleport.h" />
    <ClInclude Include="header Files\functions\memory.h" />
    <ClInclude Include="header Files\functions\utils.h" />
    <ClInclude Include="header Files\font\tahoma.h" />
    <ClInclude Include="header Files\functions\configManger.h" />
    <ClInclude Include="header Files\json\nlohmann\json.hpp" />
    <ClInclude Include="header Files\json\nlohmann\json_fwd.hpp" />
    <ClInclude Include="header Files\json\json.hpp" />
    <ClInclude Include="header Files\json\json_fwd.hpp" />
    <ClInclude Include="header Files\functions\keyboard.h" />
    <ClInclude Include="header Files\functions\mouse.h" />
    <ClInclude Include="header Files\functions\colored_cout.h" />
    <ClInclude Include="header Files\modules\esp.h" />
    <ClInclude Include="header Files\offsets.h" />
    <ClInclude Include="header Files\functions\render\draw.h" />
    <ClInclude Include="header Files\functions\render\calculations.h" />
    <ClInclude Include="overlay\hijack\hijack.h" />
    <ClInclude Include="overlay\renderer\internal.h" />
    <ClInclude Include="overlay\renderer\renderer.h" />
  </ItemGroup>
  <ItemGroup>
    <Filter Include="imgui">
      <UniqueIdentifier>{8cf77124-bebc-471d-acac-8b9b1ffc2a66}</UniqueIdentifier>
    </Filter>
  </ItemGroup>
</Project>